
Microsoft Visual Studio Solution File, Format Version 12.00
# Visual Studio 15
Project("{FAE04EC0-301F-11D3-BF4B-00C04F79EFBC}") = "Assembly-CSharp", "Assembly-CSharp.csproj", "{46D1DDE8-6494-F578-81D1-652E79A6967E}"
EndProject
Project("{FAE04EC0-301F-11D3-BF4B-00C04F79EFBC}") = "Assembly-CSharp-Editor", "Assembly-CSharp-Editor.csproj", "{8B68E270-66BD-14AD-2078-0BB20C44BA9A}"
EndProject
Global
	GlobalSection(SolutionConfigurationPlatforms) = preSolution
		Debug|Any CPU = Debug|Any CPU
		Release|Any CPU = Release|Any CPU
	EndGlobalSection
	GlobalSection(ProjectConfigurationPlatforms) = postSolution
		{46D1DDE8-6494-F578-81D1-652E79A6967E}.Debug|Any CPU.ActiveCfg = Debug|Any CPU
		{46D1DDE8-6494-F578-81D1-652E79A6967E}.Debug|Any CPU.Build.0 = Debug|Any CPU
		{46D1DDE8-6494-F578-81D1-652E79A6967E}.Release|Any CPU.ActiveCfg = Release|Any CPU
		{46D1DDE8-6494-F578-81D1-652E79A6967E}.Release|Any CPU.Build.0 = Release|Any CPU
		{8B68E270-66BD-14AD-2078-0BB20C44BA9A}.Debug|Any CPU.ActiveCfg = Debug|Any CPU
		{8B68E270-66BD-14AD-2078-0BB20C44BA9A}.Debug|Any CPU.Build.0 = Debug|Any CPU
		{8B68E270-66BD-14AD-2078-0BB20C44BA9A}.Release|Any CPU.ActiveCfg = Release|Any CPU
		{8B68E270-66BD-14AD-2078-0BB20C44BA9A}.Release|Any CPU.Build.0 = Release|Any CPU
	EndGlobalSection
	GlobalSection(SolutionProperties) = preSolution
		HideSolutionNode = FALSE
	EndGlobalSection
EndGlobal
